
Microsoft Visual Studio Solution File, Format Version 12.00
# Visual Studio Version 16
VisualStudioVersion = 16.0.31205.134
MinimumVisualStudioVersion = 10.0.40219.1
Project("{FAE04EC0-301F-11D3-BF4B-00C04F79EFBC}") = "BowlingScoreCalculator.Api", "BowlingScoreCalculator.Api.csproj", "{257F661C-D15C-4C46-9F98-11B9F6ACF0D6}"
EndProject
Project("{FAE04EC0-301F-11D3-BF4B-00C04F79EFBC}") = "BowlingScoreCalculator.Service", "..\BowlingScoreCalculator.Service\BowlingScoreCalculator.Service.csproj", "{AF8F76C6-172A-44D8-BA15-0DB0A3A31AA3}"
EndProject
Project("{FAE04EC0-301F-11D3-BF4B-00C04F79EFBC}") = "BowlingScoreCalculator.Tests", "..\BowlingScoreCalculator.ServiceTests\BowlingScoreCalculator.Tests.csproj", "{537C2064-A5DA-4C51-8E5B-380AB6BE0BEF}"
EndProject
Project("{FAE04EC0-301F-11D3-BF4B-00C04F79EFBC}") = "BowlingScoreCalculator.Domain", "..\BowlingScoreCalculator.Domain\BowlingScoreCalculator.Domain.csproj", "{19A12EA6-F46F-4694-9A3B-EA51BD647A90}"
EndProject
Global
	GlobalSection(SolutionConfigurationPlatforms) = preSolution
		Debug|Any CPU = Debug|Any CPU
		Release|Any CPU = Release|Any CPU
	EndGlobalSection
	GlobalSection(ProjectConfigurationPlatforms) = postSolution
		{257F661C-D15C-4C46-9F98-11B9F6ACF0D6}.Debug|Any CPU.ActiveCfg = Debug|Any CPU
		{257F661C-D15C-4C46-9F98-11B9F6ACF0D6}.Debug|Any CPU.Build.0 = Debug|Any CPU
		{257F661C-D15C-4C46-9F98-11B9F6ACF0D6}.Release|Any CPU.ActiveCfg = Release|Any CPU
		{257F661C-D15C-4C46-9F98-11B9F6ACF0D6}.Release|Any CPU.Build.0 = Release|Any CPU
		{AF8F76C6-172A-44D8-BA15-0DB0A3A31AA3}.Debug|Any CPU.ActiveCfg = Debug|Any CPU
		{AF8F76C6-172A-44D8-BA15-0DB0A3A31AA3}.Debug|Any CPU.Build.0 = Debug|Any CPU
		{AF8F76C6-172A-44D8-BA15-0DB0A3A31AA3}.Release|Any CPU.ActiveCfg = Release|Any CPU
		{AF8F76C6-172A-44D8-BA15-0DB0A3A31AA3}.Release|Any CPU.Build.0 = Release|Any CPU
		{537C2064-A5DA-4C51-8E5B-380AB6BE0BEF}.Debug|Any CPU.ActiveCfg = Debug|Any CPU
		{537C2064-A5DA-4C51-8E5B-380AB6BE0BEF}.Debug|Any CPU.Build.0 = Debug|Any CPU
		{537C2064-A5DA-4C51-8E5B-380AB6BE0BEF}.Release|Any CPU.ActiveCfg = Release|Any CPU
		{537C2064-A5DA-4C51-8E5B-380AB6BE0BEF}.Release|Any CPU.Build.0 = Release|Any CPU
		{19A12EA6-F46F-4694-9A3B-EA51BD647A90}.Debug|Any CPU.ActiveCfg = Debug|Any CPU
		{19A12EA6-F46F-4694-9A3B-EA51BD647A90}.Debug|Any CPU.Build.0 = Debug|Any CPU
		{19A12EA6-F46F-4694-9A3B-EA51BD647A90}.Release|Any CPU.ActiveCfg = Release|Any CPU
		{19A12EA6-F46F-4694-9A3B-EA51BD647A90}.Release|Any CPU.Build.0 = Release|Any CPU
	EndGlobalSection
	GlobalSection(SolutionProperties) = preSolution
		HideSolutionNode = FALSE
	EndGlobalSection
	GlobalSection(ExtensibilityGlobals) = postSolution
		SolutionGuid = {725A77EB-46CF-4773-8E78-79E975BBFE11}
	EndGlobalSection
EndGlobal
